
Microsoft Visual Studio Solution File, Format Version 12.00
# Visual Studio Version 17
VisualStudioVersion = 17.4.33213.308
MinimumVisualStudioVersion = 10.0.40219.1
Project("{FAE04EC0-301F-11D3-BF4B-00C04F79EFBC}") = "TopIndicators", "TopIndicators\TopIndicators.csproj", "{CF11BAB5-707C-489D-9151-C13E553CC72F}"
EndProject
Project("{2150E333-8FDC-42A3-9474-1A3956D46DE8}") = "Solution Items", "Solution Items", "{061ADE15-6629-4163-AF4D-D89A1162A0FE}"
	ProjectSection(SolutionItems) = preProject
		.editorconfig = .editorconfig
	EndProjectSection
EndProject
Global
	GlobalSection(SolutionConfigurationPlatforms) = preSolution
		Debug|Any CPU = Debug|Any CPU
		Release|Any CPU = Release|Any CPU
	EndGlobalSection
	GlobalSection(ProjectConfigurationPlatforms) = postSolution
		{CF11BAB5-707C-489D-9151-C13E553CC72F}.Debug|Any CPU.ActiveCfg = Debug|Any CPU
		{CF11BAB5-707C-489D-9151-C13E553CC72F}.Debug|Any CPU.Build.0 = Debug|Any CPU
		{CF11BAB5-707C-489D-9151-C13E553CC72F}.Release|Any CPU.ActiveCfg = Release|Any CPU
		{CF11BAB5-707C-489D-9151-C13E553CC72F}.Release|Any CPU.Build.0 = Release|Any CPU
	EndGlobalSection
	GlobalSection(SolutionProperties) = preSolution
		HideSolutionNode = FALSE
	EndGlobalSection
	GlobalSection(ExtensibilityGlobals) = postSolution
		SolutionGuid = {3162B568-8EB5-4CB7-8810-E98A01DA3E96}
	EndGlobalSection
EndGlobal
